
Microsoft Visual Studio Solution File, Format Version 12.00
# Visual Studio Version 17
VisualStudioVersion = 17.4.33213.308
MinimumVisualStudioVersion = 10.0.40219.1
Project("{9A19103F-16F7-4668-BE54-9A1E7A4F7556}") = "Arboles", "Arboles.csproj", "{C97613D3-E37F-427C-887C-D9AB6C6447AC}"
EndProject
Project("{2150E333-8FDC-42A3-9474-1A3956D46DE8}") = "Unidad 1", "Unidad 1", "{6FCA345D-00B6-4EF2-888A-0D281175D44E}"
EndProject
Project("{FAE04EC0-301F-11D3-BF4B-00C04F79EFBC}") = "MazeAStar", "..\MazeAStar\MazeAStar.csproj", "{174C4610-E973-49F1-A68D-997D29E01005}"
EndProject
Global
	GlobalSection(SolutionConfigurationPlatforms) = preSolution
		Debug|Any CPU = Debug|Any CPU
		Release|Any CPU = Release|Any CPU
	EndGlobalSection
	GlobalSection(ProjectConfigurationPlatforms) = postSolution
		{C97613D3-E37F-427C-887C-D9AB6C6447AC}.Debug|Any CPU.ActiveCfg = Debug|Any CPU
		{C97613D3-E37F-427C-887C-D9AB6C6447AC}.Debug|Any CPU.Build.0 = Debug|Any CPU
		{C97613D3-E37F-427C-887C-D9AB6C6447AC}.Release|Any CPU.ActiveCfg = Release|Any CPU
		{C97613D3-E37F-427C-887C-D9AB6C6447AC}.Release|Any CPU.Build.0 = Release|Any CPU
		{174C4610-E973-49F1-A68D-997D29E01005}.Debug|Any CPU.ActiveCfg = Debug|Any CPU
		{174C4610-E973-49F1-A68D-997D29E01005}.Debug|Any CPU.Build.0 = Debug|Any CPU
		{174C4610-E973-49F1-A68D-997D29E01005}.Release|Any CPU.ActiveCfg = Release|Any CPU
		{174C4610-E973-49F1-A68D-997D29E01005}.Release|Any CPU.Build.0 = Release|Any CPU
	EndGlobalSection
	GlobalSection(SolutionProperties) = preSolution
		HideSolutionNode = FALSE
	EndGlobalSection
	GlobalSection(NestedProjects) = preSolution
		{174C4610-E973-49F1-A68D-997D29E01005} = {6FCA345D-00B6-4EF2-888A-0D281175D44E}
	EndGlobalSection
	GlobalSection(ExtensibilityGlobals) = postSolution
		SolutionGuid = {2EF64C39-299A-4E9B-A030-8DAFC5D5F030}
	EndGlobalSection
EndGlobal
